
Microsoft Visual Studio Solution File, Format Version 12.00
# Visual Studio Version 17
VisualStudioVersion = 17.8.34309.116
MinimumVisualStudioVersion = 10.0.40219.1
Project("{9A19103F-16F7-4668-BE54-9A1E7A4F7556}") = "Meter-Readings-API", "Meter-Readings-API\Meter-Readings-API.csproj", "{B76458BD-B751-43CD-8F21-374DDA3A2AB6}"
EndProject
Project("{FAE04EC0-301F-11D3-BF4B-00C04F79EFBC}") = "Meter-Readings-API.Tests", "Meter-Readings-API.Tests\Meter-Readings-API.Tests.csproj", "{0F0F903B-A490-4BD0-B838-8AB97AD6B4D6}"
EndProject
Global
	GlobalSection(SolutionConfigurationPlatforms) = preSolution
		Debug|Any CPU = Debug|Any CPU
		Release|Any CPU = Release|Any CPU
	EndGlobalSection
	GlobalSection(ProjectConfigurationPlatforms) = postSolution
		{B76458BD-B751-43CD-8F21-374DDA3A2AB6}.Debug|Any CPU.ActiveCfg = Debug|Any CPU
		{B76458BD-B751-43CD-8F21-374DDA3A2AB6}.Debug|Any CPU.Build.0 = Debug|Any CPU
		{B76458BD-B751-43CD-8F21-374DDA3A2AB6}.Release|Any CPU.ActiveCfg = Release|Any CPU
		{B76458BD-B751-43CD-8F21-374DDA3A2AB6}.Release|Any CPU.Build.0 = Release|Any CPU
		{0F0F903B-A490-4BD0-B838-8AB97AD6B4D6}.Debug|Any CPU.ActiveCfg = Debug|Any CPU
		{0F0F903B-A490-4BD0-B838-8AB97AD6B4D6}.Debug|Any CPU.Build.0 = Debug|Any CPU
		{0F0F903B-A490-4BD0-B838-8AB97AD6B4D6}.Release|Any CPU.ActiveCfg = Release|Any CPU
		{0F0F903B-A490-4BD0-B838-8AB97AD6B4D6}.Release|Any CPU.Build.0 = Release|Any CPU
	EndGlobalSection
	GlobalSection(SolutionProperties) = preSolution
		HideSolutionNode = FALSE
	EndGlobalSection
	GlobalSection(ExtensibilityGlobals) = postSolution
		SolutionGuid = {B318DF97-D5EF-49C9-8EBC-0B9FCC37A24F}
	EndGlobalSection
EndGlobal
